
Microsoft Visual Studio Solution File, Format Version 12.00
# Visual Studio 15
VisualStudioVersion = 15.0.28010.2016
MinimumVisualStudioVersion = 10.0.40219.1
Project("{FAE04EC0-301F-11D3-BF4B-00C04F79EFBC}") = "A9", "A9\A9.csproj", "{5ED4C8DE-7919-48C5-AC23-2740BC636AFD}"
EndProject
Project("{FAE04EC0-301F-11D3-BF4B-00C04F79EFBC}") = "A9Tests", "A9Tests\A9Tests.csproj", "{E96C8493-0273-4049-A79D-430450A014A2}"
EndProject
Global
	GlobalSection(SolutionConfigurationPlatforms) = preSolution
		Debug|Any CPU = Debug|Any CPU
		Release|Any CPU = Release|Any CPU
	EndGlobalSection
	GlobalSection(ProjectConfigurationPlatforms) = postSolution
		{5ED4C8DE-7919-48C5-AC23-2740BC636AFD}.Debug|Any CPU.ActiveCfg = Debug|Any CPU
		{5ED4C8DE-7919-48C5-AC23-2740BC636AFD}.Debug|Any CPU.Build.0 = Debug|Any CPU
		{5ED4C8DE-7919-48C5-AC23-2740BC636AFD}.Release|Any CPU.ActiveCfg = Release|Any CPU
		{5ED4C8DE-7919-48C5-AC23-2740BC636AFD}.Release|Any CPU.Build.0 = Release|Any CPU
		{E96C8493-0273-4049-A79D-430450A014A2}.Debug|Any CPU.ActiveCfg = Debug|Any CPU
		{E96C8493-0273-4049-A79D-430450A014A2}.Debug|Any CPU.Build.0 = Debug|Any CPU
		{E96C8493-0273-4049-A79D-430450A014A2}.Release|Any CPU.ActiveCfg = Release|Any CPU
		{E96C8493-0273-4049-A79D-430450A014A2}.Release|Any CPU.Build.0 = Release|Any CPU
	EndGlobalSection
	GlobalSection(SolutionProperties) = preSolution
		HideSolutionNode = FALSE
	EndGlobalSection
	GlobalSection(ExtensibilityGlobals) = postSolution
		SolutionGuid = {60459DCE-EA9A-4622-B68F-DB46DC810BC9}
	EndGlobalSection
EndGlobal
