
Microsoft Visual Studio Solution File, Format Version 12.00
# Visual Studio 15
VisualStudioVersion = 15.0.28307.421
MinimumVisualStudioVersion = 10.0.40219.1
Project("{FAE04EC0-301F-11D3-BF4B-00C04F79EFBC}") = "A0", "A0\A0.csproj", "{7E14ED73-62F8-400F-B0E7-5CC7D5711F1D}"
EndProject
Project("{FAE04EC0-301F-11D3-BF4B-00C04F79EFBC}") = "A0Tests", "A0Tests\A0Tests.csproj", "{30E9ACFE-B99C-46CB-9D4D-2ABC709CC9D1}"
EndProject
Global
	GlobalSection(SolutionConfigurationPlatforms) = preSolution
		Debug|Any CPU = Debug|Any CPU
		Release|Any CPU = Release|Any CPU
	EndGlobalSection
	GlobalSection(ProjectConfigurationPlatforms) = postSolution
		{7E14ED73-62F8-400F-B0E7-5CC7D5711F1D}.Debug|Any CPU.ActiveCfg = Debug|Any CPU
		{7E14ED73-62F8-400F-B0E7-5CC7D5711F1D}.Debug|Any CPU.Build.0 = Debug|Any CPU
		{7E14ED73-62F8-400F-B0E7-5CC7D5711F1D}.Release|Any CPU.ActiveCfg = Release|Any CPU
		{7E14ED73-62F8-400F-B0E7-5CC7D5711F1D}.Release|Any CPU.Build.0 = Release|Any CPU
		{30E9ACFE-B99C-46CB-9D4D-2ABC709CC9D1}.Debug|Any CPU.ActiveCfg = Debug|Any CPU
		{30E9ACFE-B99C-46CB-9D4D-2ABC709CC9D1}.Debug|Any CPU.Build.0 = Debug|Any CPU
		{30E9ACFE-B99C-46CB-9D4D-2ABC709CC9D1}.Release|Any CPU.ActiveCfg = Release|Any CPU
		{30E9ACFE-B99C-46CB-9D4D-2ABC709CC9D1}.Release|Any CPU.Build.0 = Release|Any CPU
	EndGlobalSection
	GlobalSection(SolutionProperties) = preSolution
		HideSolutionNode = FALSE
	EndGlobalSection
	GlobalSection(ExtensibilityGlobals) = postSolution
		SolutionGuid = {85CCAA72-04BE-4ED0-BAE2-782D94AF2E7F}
	EndGlobalSection
EndGlobal
