
Microsoft Visual Studio Solution File, Format Version 12.00
# Visual Studio 15
VisualStudioVersion = 15.0.28010.2016
MinimumVisualStudioVersion = 10.0.40219.1
Project("{FAE04EC0-301F-11D3-BF4B-00C04F79EFBC}") = "E2", "E2\E2.csproj", "{6EA7EA40-8C67-4C54-A8EC-92FDFBB78E13}"
EndProject
Project("{FAE04EC0-301F-11D3-BF4B-00C04F79EFBC}") = "E2Tests", "E2Tests\E2Tests.csproj", "{C37F012B-70A6-413F-8338-7F1B741D8CF6}"
EndProject
Global
	GlobalSection(SolutionConfigurationPlatforms) = preSolution
		Debug|Any CPU = Debug|Any CPU
		Release|Any CPU = Release|Any CPU
	EndGlobalSection
	GlobalSection(ProjectConfigurationPlatforms) = postSolution
		{6EA7EA40-8C67-4C54-A8EC-92FDFBB78E13}.Debug|Any CPU.ActiveCfg = Debug|Any CPU
		{6EA7EA40-8C67-4C54-A8EC-92FDFBB78E13}.Debug|Any CPU.Build.0 = Debug|Any CPU
		{6EA7EA40-8C67-4C54-A8EC-92FDFBB78E13}.Release|Any CPU.ActiveCfg = Release|Any CPU
		{6EA7EA40-8C67-4C54-A8EC-92FDFBB78E13}.Release|Any CPU.Build.0 = Release|Any CPU
		{C37F012B-70A6-413F-8338-7F1B741D8CF6}.Debug|Any CPU.ActiveCfg = Debug|Any CPU
		{C37F012B-70A6-413F-8338-7F1B741D8CF6}.Debug|Any CPU.Build.0 = Debug|Any CPU
		{C37F012B-70A6-413F-8338-7F1B741D8CF6}.Release|Any CPU.ActiveCfg = Release|Any CPU
		{C37F012B-70A6-413F-8338-7F1B741D8CF6}.Release|Any CPU.Build.0 = Release|Any CPU
	EndGlobalSection
	GlobalSection(SolutionProperties) = preSolution
		HideSolutionNode = FALSE
	EndGlobalSection
	GlobalSection(ExtensibilityGlobals) = postSolution
		SolutionGuid = {6502C53D-447C-4918-B9C6-2C0B6F587084}
	EndGlobalSection
EndGlobal
