
Microsoft Visual Studio Solution File, Format Version 12.00
# Visual Studio 15
VisualStudioVersion = 15.0.28010.2016
MinimumVisualStudioVersion = 10.0.40219.1
Project("{FAE04EC0-301F-11D3-BF4B-00C04F79EFBC}") = "P1", "P1\P1.csproj", "{14097274-9B88-4403-B630-5239805FF574}"
EndProject
Project("{FAE04EC0-301F-11D3-BF4B-00C04F79EFBC}") = "P1Tests", "P1Tests\P1Tests.csproj", "{1F60E830-225E-423F-9FA2-792FC5BB161C}"
EndProject
Global
	GlobalSection(SolutionConfigurationPlatforms) = preSolution
		Debug|Any CPU = Debug|Any CPU
		Release|Any CPU = Release|Any CPU
	EndGlobalSection
	GlobalSection(ProjectConfigurationPlatforms) = postSolution
		{14097274-9B88-4403-B630-5239805FF574}.Debug|Any CPU.ActiveCfg = Debug|Any CPU
		{14097274-9B88-4403-B630-5239805FF574}.Debug|Any CPU.Build.0 = Debug|Any CPU
		{14097274-9B88-4403-B630-5239805FF574}.Release|Any CPU.ActiveCfg = Release|Any CPU
		{14097274-9B88-4403-B630-5239805FF574}.Release|Any CPU.Build.0 = Release|Any CPU
		{1F60E830-225E-423F-9FA2-792FC5BB161C}.Debug|Any CPU.ActiveCfg = Debug|Any CPU
		{1F60E830-225E-423F-9FA2-792FC5BB161C}.Debug|Any CPU.Build.0 = Debug|Any CPU
		{1F60E830-225E-423F-9FA2-792FC5BB161C}.Release|Any CPU.ActiveCfg = Release|Any CPU
		{1F60E830-225E-423F-9FA2-792FC5BB161C}.Release|Any CPU.Build.0 = Release|Any CPU
	EndGlobalSection
	GlobalSection(SolutionProperties) = preSolution
		HideSolutionNode = FALSE
	EndGlobalSection
	GlobalSection(ExtensibilityGlobals) = postSolution
		SolutionGuid = {C0B2CAFA-2F90-4B17-A24C-0136BB629474}
	EndGlobalSection
EndGlobal
