
Microsoft Visual Studio Solution File, Format Version 12.00
# Visual Studio 15
VisualStudioVersion = 15.0.28307.421
MinimumVisualStudioVersion = 10.0.40219.1
Project("{FAE04EC0-301F-11D3-BF4B-00C04F79EFBC}") = "A3", "A3\A3.csproj", "{CC22E567-0209-482F-8D31-7D19C9AD2B41}"
EndProject
Project("{FAE04EC0-301F-11D3-BF4B-00C04F79EFBC}") = "A3Tests", "A3Tests\A3Tests.csproj", "{E847249D-5796-49E8-B152-5C09EEF671B2}"
EndProject
Global
	GlobalSection(SolutionConfigurationPlatforms) = preSolution
		Debug|Any CPU = Debug|Any CPU
		Release|Any CPU = Release|Any CPU
	EndGlobalSection
	GlobalSection(ProjectConfigurationPlatforms) = postSolution
		{CC22E567-0209-482F-8D31-7D19C9AD2B41}.Debug|Any CPU.ActiveCfg = Debug|Any CPU
		{CC22E567-0209-482F-8D31-7D19C9AD2B41}.Debug|Any CPU.Build.0 = Debug|Any CPU
		{CC22E567-0209-482F-8D31-7D19C9AD2B41}.Release|Any CPU.ActiveCfg = Release|Any CPU
		{CC22E567-0209-482F-8D31-7D19C9AD2B41}.Release|Any CPU.Build.0 = Release|Any CPU
		{E847249D-5796-49E8-B152-5C09EEF671B2}.Debug|Any CPU.ActiveCfg = Debug|Any CPU
		{E847249D-5796-49E8-B152-5C09EEF671B2}.Debug|Any CPU.Build.0 = Debug|Any CPU
		{E847249D-5796-49E8-B152-5C09EEF671B2}.Release|Any CPU.ActiveCfg = Release|Any CPU
		{E847249D-5796-49E8-B152-5C09EEF671B2}.Release|Any CPU.Build.0 = Release|Any CPU
	EndGlobalSection
	GlobalSection(SolutionProperties) = preSolution
		HideSolutionNode = FALSE
	EndGlobalSection
	GlobalSection(ExtensibilityGlobals) = postSolution
		SolutionGuid = {9C614B2B-3269-4ED6-B1F7-4AA9EE4A52CB}
	EndGlobalSection
EndGlobal
