
Microsoft Visual Studio Solution File, Format Version 12.00
# Visual Studio 15
VisualStudioVersion = 15.0.28010.2016
MinimumVisualStudioVersion = 10.0.40219.1
Project("{FAE04EC0-301F-11D3-BF4B-00C04F79EFBC}") = "A7", "A7\A7.csproj", "{692BE384-C232-485E-8E38-3620CFEE17B4}"
EndProject
Project("{FAE04EC0-301F-11D3-BF4B-00C04F79EFBC}") = "A7Tests", "A7Tests\A7Tests.csproj", "{BE5F5E78-AAEF-4080-BBA5-61CB750EA8A8}"
EndProject
Global
	GlobalSection(SolutionConfigurationPlatforms) = preSolution
		Debug|Any CPU = Debug|Any CPU
		Release|Any CPU = Release|Any CPU
	EndGlobalSection
	GlobalSection(ProjectConfigurationPlatforms) = postSolution
		{692BE384-C232-485E-8E38-3620CFEE17B4}.Debug|Any CPU.ActiveCfg = Debug|Any CPU
		{692BE384-C232-485E-8E38-3620CFEE17B4}.Debug|Any CPU.Build.0 = Debug|Any CPU
		{692BE384-C232-485E-8E38-3620CFEE17B4}.Release|Any CPU.ActiveCfg = Release|Any CPU
		{692BE384-C232-485E-8E38-3620CFEE17B4}.Release|Any CPU.Build.0 = Release|Any CPU
		{BE5F5E78-AAEF-4080-BBA5-61CB750EA8A8}.Debug|Any CPU.ActiveCfg = Debug|Any CPU
		{BE5F5E78-AAEF-4080-BBA5-61CB750EA8A8}.Debug|Any CPU.Build.0 = Debug|Any CPU
		{BE5F5E78-AAEF-4080-BBA5-61CB750EA8A8}.Release|Any CPU.ActiveCfg = Release|Any CPU
		{BE5F5E78-AAEF-4080-BBA5-61CB750EA8A8}.Release|Any CPU.Build.0 = Release|Any CPU
	EndGlobalSection
	GlobalSection(SolutionProperties) = preSolution
		HideSolutionNode = FALSE
	EndGlobalSection
	GlobalSection(ExtensibilityGlobals) = postSolution
		SolutionGuid = {2CE92F32-1348-4B30-AA07-060391B99FAF}
	EndGlobalSection
EndGlobal
