
Microsoft Visual Studio Solution File, Format Version 12.00
# Visual Studio 15
VisualStudioVersion = 15.0.28307.421
MinimumVisualStudioVersion = 10.0.40219.1
Project("{FAE04EC0-301F-11D3-BF4B-00C04F79EFBC}") = "A6", "A6\A6.csproj", "{BA583155-F94A-41B1-B2CE-A4DFC1AF7321}"
EndProject
Project("{FAE04EC0-301F-11D3-BF4B-00C04F79EFBC}") = "A6Tests", "A6Tests\A6Tests.csproj", "{E32E554C-C4ED-4919-B821-AF1A278507FA}"
EndProject
Global
	GlobalSection(SolutionConfigurationPlatforms) = preSolution
		Debug|Any CPU = Debug|Any CPU
		Release|Any CPU = Release|Any CPU
	EndGlobalSection
	GlobalSection(ProjectConfigurationPlatforms) = postSolution
		{BA583155-F94A-41B1-B2CE-A4DFC1AF7321}.Debug|Any CPU.ActiveCfg = Debug|Any CPU
		{BA583155-F94A-41B1-B2CE-A4DFC1AF7321}.Debug|Any CPU.Build.0 = Debug|Any CPU
		{BA583155-F94A-41B1-B2CE-A4DFC1AF7321}.Release|Any CPU.ActiveCfg = Release|Any CPU
		{BA583155-F94A-41B1-B2CE-A4DFC1AF7321}.Release|Any CPU.Build.0 = Release|Any CPU
		{E32E554C-C4ED-4919-B821-AF1A278507FA}.Debug|Any CPU.ActiveCfg = Debug|Any CPU
		{E32E554C-C4ED-4919-B821-AF1A278507FA}.Debug|Any CPU.Build.0 = Debug|Any CPU
		{E32E554C-C4ED-4919-B821-AF1A278507FA}.Release|Any CPU.ActiveCfg = Release|Any CPU
		{E32E554C-C4ED-4919-B821-AF1A278507FA}.Release|Any CPU.Build.0 = Release|Any CPU
	EndGlobalSection
	GlobalSection(SolutionProperties) = preSolution
		HideSolutionNode = FALSE
	EndGlobalSection
	GlobalSection(ExtensibilityGlobals) = postSolution
		SolutionGuid = {79CF42B4-9555-49A6-AB08-60D1298523FE}
	EndGlobalSection
EndGlobal
